
Microsoft Visual Studio Solution File, Format Version 12.00
Project("{8BC9CEB8-8B4A-11D0-8D11-00A0C91BC942}") = "TestProject", "TestProject\TestProject.vcxproj", "{CD657B6D-DED3-4C44-AD3C-71E396A3FA50}"
EndProject
Project("{8BC9CEB8-8B4A-11D0-8D11-00A0C91BC942}") = "SecondTestProject", "SecondTestProject\SecondTestProject.vcxproj", "{99EA4D25-8B24-4581-81F6-D869224A42D0}"
EndProject
Global
	GlobalSection(SolutionConfigurationPlatforms) = preSolution
		Debug|Win32 = Debug|Win32
		Debug|x64 = Debug|x64
		Release|Win32 = Release|Win32
		Release|x64 = Release|x64
	EndGlobalSection
	GlobalSection(ProjectConfigurationPlatforms) = postSolution
		{CD657B6D-DED3-4C44-AD3C-71E396A3FA50}.Debug|Win32.ActiveCfg = Debug|Win32
		{CD657B6D-DED3-4C44-AD3C-71E396A3FA50}.Debug|Win32.Build.0 = Debug|Win32
		{CD657B6D-DED3-4C44-AD3C-71E396A3FA50}.Debug|x64.ActiveCfg = Debug|x64
		{CD657B6D-DED3-4C44-AD3C-71E396A3FA50}.Debug|x64.Build.0 = Debug|x64
		{CD657B6D-DED3-4C44-AD3C-71E396A3FA50}.Release|Win32.ActiveCfg = Release|Win32
		{CD657B6D-DED3-4C44-AD3C-71E396A3FA50}.Release|Win32.Build.0 = Release|Win32
		{CD657B6D-DED3-4C44-AD3C-71E396A3FA50}.Release|x64.ActiveCfg = Release|x64
		{CD657B6D-DED3-4C44-AD3C-71E396A3FA50}.Release|x64.Build.0 = Release|x64
		{99EA4D25-8B24-4581-81F6-D869224A42D0}.Debug|Win32.ActiveCfg = Debug|Win32
		{99EA4D25-8B24-4581-81F6-D869224A42D0}.Debug|Win32.Build.0 = Debug|Win32
		{99EA4D25-8B24-4581-81F6-D869224A42D0}.Debug|x64.ActiveCfg = Debug|x64
		{99EA4D25-8B24-4581-81F6-D869224A42D0}.Debug|x64.Build.0 = Debug|x64
		{99EA4D25-8B24-4581-81F6-D869224A42D0}.Release|Win32.ActiveCfg = Release|Win32
		{99EA4D25-8B24-4581-81F6-D869224A42D0}.Release|Win32.Build.0 = Release|Win32
		{99EA4D25-8B24-4581-81F6-D869224A42D0}.Release|x64.ActiveCfg = Release|x64
		{99EA4D25-8B24-4581-81F6-D869224A42D0}.Release|x64.Build.0 = Release|x64
	EndGlobalSection
EndGlobal
